
Microsoft Visual Studio Solution File, Format Version 10.00
# Visual Studio 2008
Project("{FAE04EC0-301F-11D3-BF4B-00C04F79EFBC}") = "3gdemo", "3gdemo\3gdemo.csproj", "{E53E7D66-CFB6-48F1-B6BD-4903B668A3B7}"
EndProject
Project("{FAE04EC0-301F-11D3-BF4B-00C04F79EFBC}") = "3g", "3g\3g.csproj", "{863855A3-6F7B-4E5F-B487-29D7FC581FEB}"
EndProject
Global
	GlobalSection(SolutionConfigurationPlatforms) = preSolution
		Debug|Any CPU = Debug|Any CPU
		Release|Any CPU = Release|Any CPU
	EndGlobalSection
	GlobalSection(ProjectConfigurationPlatforms) = postSolution
		{E53E7D66-CFB6-48F1-B6BD-4903B668A3B7}.Debug|Any CPU.ActiveCfg = Debug|Any CPU
		{E53E7D66-CFB6-48F1-B6BD-4903B668A3B7}.Debug|Any CPU.Build.0 = Debug|Any CPU
		{E53E7D66-CFB6-48F1-B6BD-4903B668A3B7}.Release|Any CPU.ActiveCfg = Release|Any CPU
		{E53E7D66-CFB6-48F1-B6BD-4903B668A3B7}.Release|Any CPU.Build.0 = Release|Any CPU
		{863855A3-6F7B-4E5F-B487-29D7FC581FEB}.Debug|Any CPU.ActiveCfg = Debug|Any CPU
		{863855A3-6F7B-4E5F-B487-29D7FC581FEB}.Debug|Any CPU.Build.0 = Debug|Any CPU
		{863855A3-6F7B-4E5F-B487-29D7FC581FEB}.Release|Any CPU.ActiveCfg = Release|Any CPU
		{863855A3-6F7B-4E5F-B487-29D7FC581FEB}.Release|Any CPU.Build.0 = Release|Any CPU
	EndGlobalSection
	GlobalSection(SolutionProperties) = preSolution
		HideSolutionNode = FALSE
	EndGlobalSection
EndGlobal
